// !$*UTF8*$!
{
	archiveVersion = 1;
	classes = {
	};
	objectVersion = 56;
	objects = {

/* Begin PBXBuildFile section */
		6A0879412B31A25500549A0D /* RMCharacterPhotoCollectionViewCell.swift in Sources */ = {isa = PBXBuildFile; fileRef = 6A0879402B31A25500549A0D /* RMCharacterPhotoCollectionViewCell.swift */; };
		6A0879432B31A26A00549A0D /* RMCharacterInfoCollectionViewCell.swift in Sources */ = {isa = PBXBuildFile; fileRef = 6A0879422B31A26A00549A0D /* RMCharacterInfoCollectionViewCell.swift */; };
		6A0879452B31A27C00549A0D /* RMCharacterEpisodeCollectionViewCell.swift in Sources */ = {isa = PBXBuildFile; fileRef = 6A0879442B31A27C00549A0D /* RMCharacterEpisodeCollectionViewCell.swift */; };
		6A0879482B31A2F000549A0D /* RMCharacterInfoViewCellViewModel.swift in Sources */ = {isa = PBXBuildFile; fileRef = 6A0879472B31A2F000549A0D /* RMCharacterInfoViewCellViewModel.swift */; };
		6A08794A2B31A30000549A0D /* RMCharacterPhotoCollectionViewCellViewModel.swift in Sources */ = {isa = PBXBuildFile; fileRef = 6A0879492B31A30000549A0D /* RMCharacterPhotoCollectionViewCellViewModel.swift */; };
		6A08794C2B31A31200549A0D /* RMCharacterEpisodeCollectionViewCellViewModel.swift in Sources */ = {isa = PBXBuildFile; fileRef = 6A08794B2B31A31200549A0D /* RMCharacterEpisodeCollectionViewCellViewModel.swift */; };
		6A1AA1B12B2C983700FF1B8A /* RMService.swift in Sources */ = {isa = PBXBuildFile; fileRef = 6A1AA1B02B2C983700FF1B8A /* RMService.swift */; };
		6A1AA1B32B2C984500FF1B8A /* RMRequest.swift in Sources */ = {isa = PBXBuildFile; fileRef = 6A1AA1B22B2C984500FF1B8A /* RMRequest.swift */; };
		6A1AA1B52B2C993C00FF1B8A /* RMEndpoint.swift in Sources */ = {isa = PBXBuildFile; fileRef = 6A1AA1B42B2C993C00FF1B8A /* RMEndpoint.swift */; };
		6A1AA1B72B2C9EB000FF1B8A /* RMOrigin.swift in Sources */ = {isa = PBXBuildFile; fileRef = 6A1AA1B62B2C9EB000FF1B8A /* RMOrigin.swift */; };
		6A1AA1B92B2C9F3400FF1B8A /* RMSingleLocation.swift in Sources */ = {isa = PBXBuildFile; fileRef = 6A1AA1B82B2C9F3400FF1B8A /* RMSingleLocation.swift */; };
		6A1AA1BB2B2CA03D00FF1B8A /* RMCharacterStatus.swift in Sources */ = {isa = PBXBuildFile; fileRef = 6A1AA1BA2B2CA03D00FF1B8A /* RMCharacterStatus.swift */; };
		6A1AA1BD2B2CA07C00FF1B8A /* RMCharacterGender.swift in Sources */ = {isa = PBXBuildFile; fileRef = 6A1AA1BC2B2CA07C00FF1B8A /* RMCharacterGender.swift */; };
		6A21F7D12B2C68DA00A38436 /* AppDelegate.swift in Sources */ = {isa = PBXBuildFile; fileRef = 6A21F7D02B2C68DA00A38436 /* AppDelegate.swift */; };
		6A21F7D32B2C68DA00A38436 /* SceneDelegate.swift in Sources */ = {isa = PBXBuildFile; fileRef = 6A21F7D22B2C68DA00A38436 /* SceneDelegate.swift */; };
		6A21F7D52B2C68DA00A38436 /* RMCharacterViewController.swift in Sources */ = {isa = PBXBuildFile; fileRef = 6A21F7D42B2C68DA00A38436 /* RMCharacterViewController.swift */; };
		6A21F7DA2B2C68DB00A38436 /* Assets.xcassets in Resources */ = {isa = PBXBuildFile; fileRef = 6A21F7D92B2C68DB00A38436 /* Assets.xcassets */; };
		6A21F7DD2B2C68DB00A38436 /* LaunchScreen.storyboard in Resources */ = {isa = PBXBuildFile; fileRef = 6A21F7DB2B2C68DB00A38436 /* LaunchScreen.storyboard */; };
		6A21F7E82B2C68DB00A38436 /* RickandMortyTests.swift in Sources */ = {isa = PBXBuildFile; fileRef = 6A21F7E72B2C68DB00A38436 /* RickandMortyTests.swift */; };
		6A21F7F22B2C68DB00A38436 /* RickandMortyUITests.swift in Sources */ = {isa = PBXBuildFile; fileRef = 6A21F7F12B2C68DB00A38436 /* RickandMortyUITests.swift */; };
		6A21F7F42B2C68DB00A38436 /* RickandMortyUITestsLaunchTests.swift in Sources */ = {isa = PBXBuildFile; fileRef = 6A21F7F32B2C68DB00A38436 /* RickandMortyUITestsLaunchTests.swift */; };
		6A21F8082B2C6A1D00A38436 /* RMLocation.swift in Sources */ = {isa = PBXBuildFile; fileRef = 6A21F8072B2C6A1D00A38436 /* RMLocation.swift */; };
		6A21F80A2B2C6A3300A38436 /* RMCharacter.swift in Sources */ = {isa = PBXBuildFile; fileRef = 6A21F8092B2C6A3300A38436 /* RMCharacter.swift */; };
		6A21F80C2B2C6A4000A38436 /* RMEpisode.swift in Sources */ = {isa = PBXBuildFile; fileRef = 6A21F80B2B2C6A4000A38436 /* RMEpisode.swift */; };
		6A21F80E2B2C6A9300A38436 /* RMTabBarController.swift in Sources */ = {isa = PBXBuildFile; fileRef = 6A21F80D2B2C6A9300A38436 /* RMTabBarController.swift */; };
		6A21F8122B2C6D9000A38436 /* RMLocationViewController.swift in Sources */ = {isa = PBXBuildFile; fileRef = 6A21F8112B2C6D9000A38436 /* RMLocationViewController.swift */; };
		6A21F8142B2C6DAB00A38436 /* RMEpisodeViewController.swift in Sources */ = {isa = PBXBuildFile; fileRef = 6A21F8132B2C6DAB00A38436 /* RMEpisodeViewController.swift */; };
		6A21F8162B2C6DBC00A38436 /* RMSettingsViewController.swift in Sources */ = {isa = PBXBuildFile; fileRef = 6A21F8152B2C6DBC00A38436 /* RMSettingsViewController.swift */; };
		6A52BD382B2DACD800F5CF49 /* CharacterListViewViewModel.swift in Sources */ = {isa = PBXBuildFile; fileRef = 6A52BD372B2DACD800F5CF49 /* CharacterListViewViewModel.swift */; };
		6A52BD3A2B2DAD7400F5CF49 /* CharacterListView.swift in Sources */ = {isa = PBXBuildFile; fileRef = 6A52BD392B2DAD7400F5CF49 /* CharacterListView.swift */; };
		6A52BD3C2B2DB36400F5CF49 /* Extenisions.swift in Sources */ = {isa = PBXBuildFile; fileRef = 6A52BD3B2B2DB36400F5CF49 /* Extenisions.swift */; };
		6A799F262B2DC0BD00294AEF /* RMCharacterCollectionViewCell.swift in Sources */ = {isa = PBXBuildFile; fileRef = 6A799F252B2DC0BD00294AEF /* RMCharacterCollectionViewCell.swift */; };
		6A799F282B2DC20E00294AEF /* RMCharacterCollectionViewCellViewModel.swift in Sources */ = {isa = PBXBuildFile; fileRef = 6A799F272B2DC20E00294AEF /* RMCharacterCollectionViewCellViewModel.swift */; };
		6A88CEAA2B2E3C2E005C4243 /* RMFooterLoadingCollectionReusableView.swift in Sources */ = {isa = PBXBuildFile; fileRef = 6A88CEA92B2E3C2E005C4243 /* RMFooterLoadingCollectionReusableView.swift */; };
		6AA070F02B2CDDA500AB6B2F /* RMGetAllCharactersResponse.swift in Sources */ = {isa = PBXBuildFile; fileRef = 6AA070EF2B2CDDA500AB6B2F /* RMGetAllCharactersResponse.swift */; };
		6AA1A3302B30C802007195ED /* RMImageLoader.swift in Sources */ = {isa = PBXBuildFile; fileRef = 6AA1A32F2B30C802007195ED /* RMImageLoader.swift */; };
		6AB717422B2E27AA0071C069 /* RMCharacterDetailViewController.swift in Sources */ = {isa = PBXBuildFile; fileRef = 6AB717412B2E27AA0071C069 /* RMCharacterDetailViewController.swift */; };
		6AB717442B2E28540071C069 /* RMCharacterDetailView.swift in Sources */ = {isa = PBXBuildFile; fileRef = 6AB717432B2E28540071C069 /* RMCharacterDetailView.swift */; };
		6AB717462B2E28920071C069 /* RMCharacterDetailViewViewModel.swift in Sources */ = {isa = PBXBuildFile; fileRef = 6AB717452B2E28920071C069 /* RMCharacterDetailViewViewModel.swift */; };
/* End PBXBuildFile section */

/* Begin PBXContainerItemProxy section */
		6A21F7E42B2C68DB00A38436 /* PBXContainerItemProxy */ = {
			isa = PBXContainerItemProxy;
			containerPortal = 6A21F7C52B2C68DA00A38436 /* Project object */;
			proxyType = 1;
			remoteGlobalIDString = 6A21F7CC2B2C68DA00A38436;
			remoteInfo = RickandMorty;
		};
		6A21F7EE2B2C68DB00A38436 /* PBXContainerItemProxy */ = {
			isa = PBXContainerItemProxy;
			containerPortal = 6A21F7C52B2C68DA00A38436 /* Project object */;
			proxyType = 1;
			remoteGlobalIDString = 6A21F7CC2B2C68DA00A38436;
			remoteInfo = RickandMorty;
		};
/* End PBXContainerItemProxy section */

/* Begin PBXFileReference section */
		6A0879402B31A25500549A0D /* RMCharacterPhotoCollectionViewCell.swift */ = {isa = PBXFileReference; lastKnownFileType = sourcecode.swift; path = RMCharacterPhotoCollectionViewCell.swift; sourceTree = "<group>"; };
		6A0879422B31A26A00549A0D /* RMCharacterInfoCollectionViewCell.swift */ = {isa = PBXFileReference; lastKnownFileType = sourcecode.swift; path = RMCharacterInfoCollectionViewCell.swift; sourceTree = "<group>"; };
		6A0879442B31A27C00549A0D /* RMCharacterEpisodeCollectionViewCell.swift */ = {isa = PBXFileReference; lastKnownFileType = sourcecode.swift; path = RMCharacterEpisodeCollectionViewCell.swift; sourceTree = "<group>"; };
		6A0879472B31A2F000549A0D /* RMCharacterInfoViewCellViewModel.swift */ = {isa = PBXFileReference; lastKnownFileType = sourcecode.swift; path = RMCharacterInfoViewCellViewModel.swift; sourceTree = "<group>"; };
		6A0879492B31A30000549A0D /* RMCharacterPhotoCollectionViewCellViewModel.swift */ = {isa = PBXFileReference; lastKnownFileType = sourcecode.swift; path = RMCharacterPhotoCollectionViewCellViewModel.swift; sourceTree = "<group>"; };
		6A08794B2B31A31200549A0D /* RMCharacterEpisodeCollectionViewCellViewModel.swift */ = {isa = PBXFileReference; lastKnownFileType = sourcecode.swift; path = RMCharacterEpisodeCollectionViewCellViewModel.swift; sourceTree = "<group>"; };
		6A1AA1B02B2C983700FF1B8A /* RMService.swift */ = {isa = PBXFileReference; lastKnownFileType = sourcecode.swift; path = RMService.swift; sourceTree = "<group>"; };
		6A1AA1B22B2C984500FF1B8A /* RMRequest.swift */ = {isa = PBXFileReference; lastKnownFileType = sourcecode.swift; path = RMRequest.swift; sourceTree = "<group>"; };
		6A1AA1B42B2C993C00FF1B8A /* RMEndpoint.swift */ = {isa = PBXFileReference; lastKnownFileType = sourcecode.swift; path = RMEndpoint.swift; sourceTree = "<group>"; };
		6A1AA1B62B2C9EB000FF1B8A /* RMOrigin.swift */ = {isa = PBXFileReference; lastKnownFileType = sourcecode.swift; path = RMOrigin.swift; sourceTree = "<group>"; };
		6A1AA1B82B2C9F3400FF1B8A /* RMSingleLocation.swift */ = {isa = PBXFileReference; lastKnownFileType = sourcecode.swift; path = RMSingleLocation.swift; sourceTree = "<group>"; };
		6A1AA1BA2B2CA03D00FF1B8A /* RMCharacterStatus.swift */ = {isa = PBXFileReference; lastKnownFileType = sourcecode.swift; path = RMCharacterStatus.swift; sourceTree = "<group>"; };
		6A1AA1BC2B2CA07C00FF1B8A /* RMCharacterGender.swift */ = {isa = PBXFileReference; lastKnownFileType = sourcecode.swift; path = RMCharacterGender.swift; sourceTree = "<group>"; };
		6A21F7CD2B2C68DA00A38436 /* RickandMorty.app */ = {isa = PBXFileReference; explicitFileType = wrapper.application; includeInIndex = 0; path = RickandMorty.app; sourceTree = BUILT_PRODUCTS_DIR; };
		6A21F7D02B2C68DA00A38436 /* AppDelegate.swift */ = {isa = PBXFileReference; lastKnownFileType = sourcecode.swift; path = AppDelegate.swift; sourceTree = "<group>"; };
		6A21F7D22B2C68DA00A38436 /* SceneDelegate.swift */ = {isa = PBXFileReference; lastKnownFileType = sourcecode.swift; path = SceneDelegate.swift; sourceTree = "<group>"; };
		6A21F7D42B2C68DA00A38436 /* RMCharacterViewController.swift */ = {isa = PBXFileReference; lastKnownFileType = sourcecode.swift; path = RMCharacterViewController.swift; sourceTree = "<group>"; };
		6A21F7D92B2C68DB00A38436 /* Assets.xcassets */ = {isa = PBXFileReference; lastKnownFileType = folder.assetcatalog; path = Assets.xcassets; sourceTree = "<group>"; };
		6A21F7DC2B2C68DB00A38436 /* Base */ = {isa = PBXFileReference; lastKnownFileType = file.storyboard; name = Base; path = Base.lproj/LaunchScreen.storyboard; sourceTree = "<group>"; };
		6A21F7DE2B2C68DB00A38436 /* Info.plist */ = {isa = PBXFileReference; lastKnownFileType = text.plist.xml; path = Info.plist; sourceTree = "<group>"; };
		6A21F7E32B2C68DB00A38436 /* RickandMortyTests.xctest */ = {isa = PBXFileReference; explicitFileType = wrapper.cfbundle; includeInIndex = 0; path = RickandMortyTests.xctest; sourceTree = BUILT_PRODUCTS_DIR; };
		6A21F7E72B2C68DB00A38436 /* RickandMortyTests.swift */ = {isa = PBXFileReference; lastKnownFileType = sourcecode.swift; path = RickandMortyTests.swift; sourceTree = "<group>"; };
		6A21F7ED2B2C68DB00A38436 /* RickandMortyUITests.xctest */ = {isa = PBXFileReference; explicitFileType = wrapper.cfbundle; includeInIndex = 0; path = RickandMortyUITests.xctest; sourceTree = BUILT_PRODUCTS_DIR; };
		6A21F7F12B2C68DB00A38436 /* RickandMortyUITests.swift */ = {isa = PBXFileReference; lastKnownFileType = sourcecode.swift; path = RickandMortyUITests.swift; sourceTree = "<group>"; };
		6A21F7F32B2C68DB00A38436 /* RickandMortyUITestsLaunchTests.swift */ = {isa = PBXFileReference; lastKnownFileType = sourcecode.swift; path = RickandMortyUITestsLaunchTests.swift; sourceTree = "<group>"; };
		6A21F8072B2C6A1D00A38436 /* RMLocation.swift */ = {isa = PBXFileReference; lastKnownFileType = sourcecode.swift; path = RMLocation.swift; sourceTree = "<group>"; };
		6A21F8092B2C6A3300A38436 /* RMCharacter.swift */ = {isa = PBXFileReference; lastKnownFileType = sourcecode.swift; path = RMCharacter.swift; sourceTree = "<group>"; };
		6A21F80B2B2C6A4000A38436 /* RMEpisode.swift */ = {isa = PBXFileReference; lastKnownFileType = sourcecode.swift; path = RMEpisode.swift; sourceTree = "<group>"; };
		6A21F80D2B2C6A9300A38436 /* RMTabBarController.swift */ = {isa = PBXFileReference; lastKnownFileType = sourcecode.swift; path = RMTabBarController.swift; sourceTree = "<group>"; };
		6A21F8112B2C6D9000A38436 /* RMLocationViewController.swift */ = {isa = PBXFileReference; lastKnownFileType = sourcecode.swift; path = RMLocationViewController.swift; sourceTree = "<group>"; };
		6A21F8132B2C6DAB00A38436 /* RMEpisodeViewController.swift */ = {isa = PBXFileReference; lastKnownFileType = sourcecode.swift; path = RMEpisodeViewController.swift; sourceTree = "<group>"; };
		6A21F8152B2C6DBC00A38436 /* RMSettingsViewController.swift */ = {isa = PBXFileReference; lastKnownFileType = sourcecode.swift; path = RMSettingsViewController.swift; sourceTree = "<group>"; };
		6A52BD372B2DACD800F5CF49 /* CharacterListViewViewModel.swift */ = {isa = PBXFileReference; lastKnownFileType = sourcecode.swift; path = CharacterListViewViewModel.swift; sourceTree = "<group>"; };
		6A52BD392B2DAD7400F5CF49 /* CharacterListView.swift */ = {isa = PBXFileReference; lastKnownFileType = sourcecode.swift; path = CharacterListView.swift; sourceTree = "<group>"; };
		6A52BD3B2B2DB36400F5CF49 /* Extenisions.swift */ = {isa = PBXFileReference; lastKnownFileType = sourcecode.swift; path = Extenisions.swift; sourceTree = "<group>"; };
		6A799F252B2DC0BD00294AEF /* RMCharacterCollectionViewCell.swift */ = {isa = PBXFileReference; lastKnownFileType = sourcecode.swift; path = RMCharacterCollectionViewCell.swift; sourceTree = "<group>"; };
		6A799F272B2DC20E00294AEF /* RMCharacterCollectionViewCellViewModel.swift */ = {isa = PBXFileReference; lastKnownFileType = sourcecode.swift; path = RMCharacterCollectionViewCellViewModel.swift; sourceTree = "<group>"; };
		6A88CEA92B2E3C2E005C4243 /* RMFooterLoadingCollectionReusableView.swift */ = {isa = PBXFileReference; lastKnownFileType = sourcecode.swift; path = RMFooterLoadingCollectionReusableView.swift; sourceTree = "<group>"; };
		6AA070EF2B2CDDA500AB6B2F /* RMGetAllCharactersResponse.swift */ = {isa = PBXFileReference; lastKnownFileType = sourcecode.swift; path = RMGetAllCharactersResponse.swift; sourceTree = "<group>"; };
		6AA1A32F2B30C802007195ED /* RMImageLoader.swift */ = {isa = PBXFileReference; lastKnownFileType = sourcecode.swift; path = RMImageLoader.swift; sourceTree = "<group>"; };
		6AB717412B2E27AA0071C069 /* RMCharacterDetailViewController.swift */ = {isa = PBXFileReference; lastKnownFileType = sourcecode.swift; path = RMCharacterDetailViewController.swift; sourceTree = "<group>"; };
		6AB717432B2E28540071C069 /* RMCharacterDetailView.swift */ = {isa = PBXFileReference; lastKnownFileType = sourcecode.swift; path = RMCharacterDetailView.swift; sourceTree = "<group>"; };
		6AB717452B2E28920071C069 /* RMCharacterDetailViewViewModel.swift */ = {isa = PBXFileReference; lastKnownFileType = sourcecode.swift; path = RMCharacterDetailViewViewModel.swift; sourceTree = "<group>"; };
/* End PBXFileReference section */

/* Begin PBXFrameworksBuildPhase section */
		6A21F7CA2B2C68DA00A38436 /* Frameworks */ = {
			isa = PBXFrameworksBuildPhase;
			buildActionMask = 2147483647;
			files = (
			);
			runOnlyForDeploymentPostprocessing = 0;
		};
		6A21F7E02B2C68DB00A38436 /* Frameworks */ = {
			isa = PBXFrameworksBuildPhase;
			buildActionMask = 2147483647;
			files = (
			);
			runOnlyForDeploymentPostprocessing = 0;
		};
		6A21F7EA2B2C68DB00A38436 /* Frameworks */ = {
			isa = PBXFrameworksBuildPhase;
			buildActionMask = 2147483647;
			files = (
			);
			runOnlyForDeploymentPostprocessing = 0;
		};
/* End PBXFrameworksBuildPhase section */

/* Begin PBXGroup section */
		6A08793E2B31A1F100549A0D /* CharacterDetails */ = {
			isa = PBXGroup;
			children = (
				6AB717432B2E28540071C069 /* RMCharacterDetailView.swift */,
				6A0879422B31A26A00549A0D /* RMCharacterInfoCollectionViewCell.swift */,
				6A0879402B31A25500549A0D /* RMCharacterPhotoCollectionViewCell.swift */,
				6A0879442B31A27C00549A0D /* RMCharacterEpisodeCollectionViewCell.swift */,
			);
			path = CharacterDetails;
			sourceTree = "<group>";
		};
		6A08793F2B31A21B00549A0D /* Character */ = {
			isa = PBXGroup;
			children = (
				6A52BD392B2DAD7400F5CF49 /* CharacterListView.swift */,
				6A799F252B2DC0BD00294AEF /* RMCharacterCollectionViewCell.swift */,
			);
			name = Character;
			sourceTree = "<group>";
		};
		6A0879462B31A2AE00549A0D /* CharacterDetail */ = {
			isa = PBXGroup;
			children = (
				6AB717452B2E28920071C069 /* RMCharacterDetailViewViewModel.swift */,
				6A0879472B31A2F000549A0D /* RMCharacterInfoViewCellViewModel.swift */,
				6A0879492B31A30000549A0D /* RMCharacterPhotoCollectionViewCellViewModel.swift */,
				6A08794B2B31A31200549A0D /* RMCharacterEpisodeCollectionViewCellViewModel.swift */,
			);
			path = CharacterDetail;
			sourceTree = "<group>";
		};
		6A21F7C42B2C68DA00A38436 = {
			isa = PBXGroup;
			children = (
				6A21F7CF2B2C68DA00A38436 /* RickandMorty */,
				6A21F7E62B2C68DB00A38436 /* RickandMortyTests */,
				6A21F7F02B2C68DB00A38436 /* RickandMortyUITests */,
				6A21F7CE2B2C68DA00A38436 /* Products */,
			);
			sourceTree = "<group>";
		};
		6A21F7CE2B2C68DA00A38436 /* Products */ = {
			isa = PBXGroup;
			children = (
				6A21F7CD2B2C68DA00A38436 /* RickandMorty.app */,
				6A21F7E32B2C68DB00A38436 /* RickandMortyTests.xctest */,
				6A21F7ED2B2C68DB00A38436 /* RickandMortyUITests.xctest */,
			);
			name = Products;
			sourceTree = "<group>";
		};
		6A21F7CF2B2C68DA00A38436 /* RickandMorty */ = {
			isa = PBXGroup;
			children = (
				6A21F8062B2C69F700A38436 /* Resources */,
				6A21F8052B2C69EF00A38436 /* Managers */,
				6A21F8042B2C69E500A38436 /* APIClient */,
				6A21F8032B2C69DC00A38436 /* ViewModels */,
				6A21F8022B2C69D600A38436 /* Views */,
				6A21F8012B2C69CF00A38436 /* Models */,
				6A21F8002B2C69C500A38436 /* Controllers */,
				6A21F7DE2B2C68DB00A38436 /* Info.plist */,
			);
			path = RickandMorty;
			sourceTree = "<group>";
		};
		6A21F7E62B2C68DB00A38436 /* RickandMortyTests */ = {
			isa = PBXGroup;
			children = (
				6A21F7E72B2C68DB00A38436 /* RickandMortyTests.swift */,
			);
			path = RickandMortyTests;
			sourceTree = "<group>";
		};
		6A21F7F02B2C68DB00A38436 /* RickandMortyUITests */ = {
			isa = PBXGroup;
			children = (
				6A21F7F12B2C68DB00A38436 /* RickandMortyUITests.swift */,
				6A21F7F32B2C68DB00A38436 /* RickandMortyUITestsLaunchTests.swift */,
			);
			path = RickandMortyUITests;
			sourceTree = "<group>";
		};
		6A21F8002B2C69C500A38436 /* Controllers */ = {
			isa = PBXGroup;
			children = (
				6A21F8102B2C6D2700A38436 /* Other */,
				6A21F80F2B2C6D2100A38436 /* Core */,
			);
			path = Controllers;
			sourceTree = "<group>";
		};
		6A21F8012B2C69CF00A38436 /* Models */ = {
			isa = PBXGroup;
			children = (
				6AA070EE2B2CDD8200AB6B2F /* APIResponseTypes */,
				6AA070ED2B2CDD4C00AB6B2F /* DataTypes */,
			);
			path = Models;
			sourceTree = "<group>";
		};
		6A21F8022B2C69D600A38436 /* Views */ = {
			isa = PBXGroup;
			children = (
				6A88CEA92B2E3C2E005C4243 /* RMFooterLoadingCollectionReusableView.swift */,
				6A08793E2B31A1F100549A0D /* CharacterDetails */,
				6A08793F2B31A21B00549A0D /* Character */,
			);
			path = Views;
			sourceTree = "<group>";
		};
		6A21F8032B2C69DC00A38436 /* ViewModels */ = {
			isa = PBXGroup;
			children = (
				6A0879462B31A2AE00549A0D /* CharacterDetail */,
				6A52BD372B2DACD800F5CF49 /* CharacterListViewViewModel.swift */,
				6A799F272B2DC20E00294AEF /* RMCharacterCollectionViewCellViewModel.swift */,
			);
			path = ViewModels;
			sourceTree = "<group>";
		};
		6A21F8042B2C69E500A38436 /* APIClient */ = {
			isa = PBXGroup;
			children = (
				6A1AA1B02B2C983700FF1B8A /* RMService.swift */,
				6A1AA1B22B2C984500FF1B8A /* RMRequest.swift */,
				6A1AA1B42B2C993C00FF1B8A /* RMEndpoint.swift */,
			);
			path = APIClient;
			sourceTree = "<group>";
		};
		6A21F8052B2C69EF00A38436 /* Managers */ = {
			isa = PBXGroup;
			children = (
				6AA1A32F2B30C802007195ED /* RMImageLoader.swift */,
			);
			path = Managers;
			sourceTree = "<group>";
		};
		6A21F8062B2C69F700A38436 /* Resources */ = {
			isa = PBXGroup;
			children = (
				6A21F7D22B2C68DA00A38436 /* SceneDelegate.swift */,
				6A21F7D02B2C68DA00A38436 /* AppDelegate.swift */,
				6A21F7DB2B2C68DB00A38436 /* LaunchScreen.storyboard */,
				6A21F7D92B2C68DB00A38436 /* Assets.xcassets */,
				6A52BD3B2B2DB36400F5CF49 /* Extenisions.swift */,
			);
			path = Resources;
			sourceTree = "<group>";
		};
		6A21F80F2B2C6D2100A38436 /* Core */ = {
			isa = PBXGroup;
			children = (
				6A21F8112B2C6D9000A38436 /* RMLocationViewController.swift */,
				6A21F7D42B2C68DA00A38436 /* RMCharacterViewController.swift */,
				6A21F8132B2C6DAB00A38436 /* RMEpisodeViewController.swift */,
				6A21F8152B2C6DBC00A38436 /* RMSettingsViewController.swift */,
				6A21F80D2B2C6A9300A38436 /* RMTabBarController.swift */,
			);
			path = Core;
			sourceTree = "<group>";
		};
		6A21F8102B2C6D2700A38436 /* Other */ = {
			isa = PBXGroup;
			children = (
				6AB717412B2E27AA0071C069 /* RMCharacterDetailViewController.swift */,
			);
			path = Other;
			sourceTree = "<group>";
		};
		6AA070ED2B2CDD4C00AB6B2F /* DataTypes */ = {
			isa = PBXGroup;
			children = (
				6A21F8092B2C6A3300A38436 /* RMCharacter.swift */,
				6A1AA1B82B2C9F3400FF1B8A /* RMSingleLocation.swift */,
				6A1AA1BA2B2CA03D00FF1B8A /* RMCharacterStatus.swift */,
				6A1AA1BC2B2CA07C00FF1B8A /* RMCharacterGender.swift */,
				6A21F80B2B2C6A4000A38436 /* RMEpisode.swift */,
				6A1AA1B62B2C9EB000FF1B8A /* RMOrigin.swift */,
				6A21F8072B2C6A1D00A38436 /* RMLocation.swift */,
			);
			name = DataTypes;
			sourceTree = "<group>";
		};
		6AA070EE2B2CDD8200AB6B2F /* APIResponseTypes */ = {
			isa = PBXGroup;
			children = (
				6AA070EF2B2CDDA500AB6B2F /* RMGetAllCharactersResponse.swift */,
			);
			name = APIResponseTypes;
			sourceTree = "<group>";
		};
/* End PBXGroup section */

/* Begin PBXNativeTarget section */
		6A21F7CC2B2C68DA00A38436 /* RickandMorty */ = {
			isa = PBXNativeTarget;
			buildConfigurationList = 6A21F7F72B2C68DB00A38436 /* Build configuration list for PBXNativeTarget "RickandMorty" */;
			buildPhases = (
				6A21F7C92B2C68DA00A38436 /* Sources */,
				6A21F7CA2B2C68DA00A38436 /* Frameworks */,
				6A21F7CB2B2C68DA00A38436 /* Resources */,
			);
			buildRules = (
			);
			dependencies = (
			);
			name = RickandMorty;
			productName = RickandMorty;
			productReference = 6A21F7CD2B2C68DA00A38436 /* RickandMorty.app */;
			productType = "com.apple.product-type.application";
		};
		6A21F7E22B2C68DB00A38436 /* RickandMortyTests */ = {
			isa = PBXNativeTarget;
			buildConfigurationList = 6A21F7FA2B2C68DB00A38436 /* Build configuration list for PBXNativeTarget "RickandMortyTests" */;
			buildPhases = (
				6A21F7DF2B2C68DB00A38436 /* Sources */,
				6A21F7E02B2C68DB00A38436 /* Frameworks */,
				6A21F7E12B2C68DB00A38436 /* Resources */,
			);
			buildRules = (
			);
			dependencies = (
				6A21F7E52B2C68DB00A38436 /* PBXTargetDependency */,
			);
			name = RickandMortyTests;
			productName = RickandMortyTests;
			productReference = 6A21F7E32B2C68DB00A38436 /* RickandMortyTests.xctest */;
			productType = "com.apple.product-type.bundle.unit-test";
		};
		6A21F7EC2B2C68DB00A38436 /* RickandMortyUITests */ = {
			isa = PBXNativeTarget;
			buildConfigurationList = 6A21F7FD2B2C68DB00A38436 /* Build configuration list for PBXNativeTarget "RickandMortyUITests" */;
			buildPhases = (
				6A21F7E92B2C68DB00A38436 /* Sources */,
				6A21F7EA2B2C68DB00A38436 /* Frameworks */,
				6A21F7EB2B2C68DB00A38436 /* Resources */,
			);
			buildRules = (
			);
			dependencies = (
				6A21F7EF2B2C68DB00A38436 /* PBXTargetDependency */,
			);
			name = RickandMortyUITests;
			productName = RickandMortyUITests;
			productReference = 6A21F7ED2B2C68DB00A38436 /* RickandMortyUITests.xctest */;
			productType = "com.apple.product-type.bundle.ui-testing";
		};
/* End PBXNativeTarget section */

/* Begin PBXProject section */
		6A21F7C52B2C68DA00A38436 /* Project object */ = {
			isa = PBXProject;
			attributes = {
				BuildIndependentTargetsInParallel = 1;
				LastSwiftUpdateCheck = 1510;
				LastUpgradeCheck = 1510;
				TargetAttributes = {
					6A21F7CC2B2C68DA00A38436 = {
						CreatedOnToolsVersion = 15.1;
					};
					6A21F7E22B2C68DB00A38436 = {
						CreatedOnToolsVersion = 15.1;
						TestTargetID = 6A21F7CC2B2C68DA00A38436;
					};
					6A21F7EC2B2C68DB00A38436 = {
						CreatedOnToolsVersion = 15.1;
						TestTargetID = 6A21F7CC2B2C68DA00A38436;
					};
				};
			};
			buildConfigurationList = 6A21F7C82B2C68DA00A38436 /* Build configuration list for PBXProject "RickandMorty" */;
			compatibilityVersion = "Xcode 14.0";
			developmentRegion = en;
			hasScannedForEncodings = 0;
			knownRegions = (
				en,
				Base,
			);
			mainGroup = 6A21F7C42B2C68DA00A38436;
			productRefGroup = 6A21F7CE2B2C68DA00A38436 /* Products */;
			projectDirPath = "";
			projectRoot = "";
			targets = (
				6A21F7CC2B2C68DA00A38436 /* RickandMorty */,
				6A21F7E22B2C68DB00A38436 /* RickandMortyTests */,
				6A21F7EC2B2C68DB00A38436 /* RickandMortyUITests */,
			);
		};
/* End PBXProject section */

/* Begin PBXResourcesBuildPhase section */
		6A21F7CB2B2C68DA00A38436 /* Resources */ = {
			isa = PBXResourcesBuildPhase;
			buildActionMask = 2147483647;
			files = (
				6A21F7DD2B2C68DB00A38436 /* LaunchScreen.storyboard in Resources */,
				6A21F7DA2B2C68DB00A38436 /* Assets.xcassets in Resources */,
			);
			runOnlyForDeploymentPostprocessing = 0;
		};
		6A21F7E12B2C68DB00A38436 /* Resources */ = {
			isa = PBXResourcesBuildPhase;
			buildActionMask = 2147483647;
			files = (
			);
			runOnlyForDeploymentPostprocessing = 0;
		};
		6A21F7EB2B2C68DB00A38436 /* Resources */ = {
			isa = PBXResourcesBuildPhase;
			buildActionMask = 2147483647;
			files = (
			);
			runOnlyForDeploymentPostprocessing = 0;
		};
/* End PBXResourcesBuildPhase section */

/* Begin PBXSourcesBuildPhase section */
		6A21F7C92B2C68DA00A38436 /* Sources */ = {
			isa = PBXSourcesBuildPhase;
			buildActionMask = 2147483647;
			files = (
				6A0879482B31A2F000549A0D /* RMCharacterInfoViewCellViewModel.swift in Sources */,
				6A1AA1B72B2C9EB000FF1B8A /* RMOrigin.swift in Sources */,
				6AB717462B2E28920071C069 /* RMCharacterDetailViewViewModel.swift in Sources */,
				6A1AA1B92B2C9F3400FF1B8A /* RMSingleLocation.swift in Sources */,
				6A52BD3A2B2DAD7400F5CF49 /* CharacterListView.swift in Sources */,
				6AA070F02B2CDDA500AB6B2F /* RMGetAllCharactersResponse.swift in Sources */,
				6A1AA1BB2B2CA03D00FF1B8A /* RMCharacterStatus.swift in Sources */,
				6A1AA1BD2B2CA07C00FF1B8A /* RMCharacterGender.swift in Sources */,
				6AB717422B2E27AA0071C069 /* RMCharacterDetailViewController.swift in Sources */,
				6A88CEAA2B2E3C2E005C4243 /* RMFooterLoadingCollectionReusableView.swift in Sources */,
				6A21F8122B2C6D9000A38436 /* RMLocationViewController.swift in Sources */,
				6A21F80C2B2C6A4000A38436 /* RMEpisode.swift in Sources */,
				6A0879432B31A26A00549A0D /* RMCharacterInfoCollectionViewCell.swift in Sources */,
				6A21F80E2B2C6A9300A38436 /* RMTabBarController.swift in Sources */,
				6A799F262B2DC0BD00294AEF /* RMCharacterCollectionViewCell.swift in Sources */,
				6A52BD3C2B2DB36400F5CF49 /* Extenisions.swift in Sources */,
				6AA1A3302B30C802007195ED /* RMImageLoader.swift in Sources */,
				6A21F8142B2C6DAB00A38436 /* RMEpisodeViewController.swift in Sources */,
				6A21F7D52B2C68DA00A38436 /* RMCharacterViewController.swift in Sources */,
				6A0879412B31A25500549A0D /* RMCharacterPhotoCollectionViewCell.swift in Sources */,
				6A08794C2B31A31200549A0D /* RMCharacterEpisodeCollectionViewCellViewModel.swift in Sources */,
				6A21F7D12B2C68DA00A38436 /* AppDelegate.swift in Sources */,
				6A21F8162B2C6DBC00A38436 /* RMSettingsViewController.swift in Sources */,
				6A1AA1B12B2C983700FF1B8A /* RMService.swift in Sources */,
				6A21F7D32B2C68DA00A38436 /* SceneDelegate.swift in Sources */,
				6A08794A2B31A30000549A0D /* RMCharacterPhotoCollectionViewCellViewModel.swift in Sources */,
				6A1AA1B52B2C993C00FF1B8A /* RMEndpoint.swift in Sources */,
				6A21F8082B2C6A1D00A38436 /* RMLocation.swift in Sources */,
				6A799F282B2DC20E00294AEF /* RMCharacterCollectionViewCellViewModel.swift in Sources */,
				6A1AA1B32B2C984500FF1B8A /* RMRequest.swift in Sources */,
				6A52BD382B2DACD800F5CF49 /* CharacterListViewViewModel.swift in Sources */,
				6A0879452B31A27C00549A0D /* RMCharacterEpisodeCollectionViewCell.swift in Sources */,
				6A21F80A2B2C6A3300A38436 /* RMCharacter.swift in Sources */,
				6AB717442B2E28540071C069 /* RMCharacterDetailView.swift in Sources */,
			);
			runOnlyForDeploymentPostprocessing = 0;
		};
		6A21F7DF2B2C68DB00A38436 /* Sources */ = {
			isa = PBXSourcesBuildPhase;
			buildActionMask = 2147483647;
			files = (
				6A21F7E82B2C68DB00A38436 /* RickandMortyTests.swift in Sources */,
			);
			runOnlyForDeploymentPostprocessing = 0;
		};
		6A21F7E92B2C68DB00A38436 /* Sources */ = {
			isa = PBXSourcesBuildPhase;
			buildActionMask = 2147483647;
			files = (
				6A21F7F22B2C68DB00A38436 /* RickandMortyUITests.swift in Sources */,
				6A21F7F42B2C68DB00A38436 /* RickandMortyUITestsLaunchTests.swift in Sources */,
			);
			runOnlyForDeploymentPostprocessing = 0;
		};
/* End PBXSourcesBuildPhase section */

/* Begin PBXTargetDependency section */
		6A21F7E52B2C68DB00A38436 /* PBXTargetDependency */ = {
			isa = PBXTargetDependency;
			target = 6A21F7CC2B2C68DA00A38436 /* RickandMorty */;
			targetProxy = 6A21F7E42B2C68DB00A38436 /* PBXContainerItemProxy */;
		};
		6A21F7EF2B2C68DB00A38436 /* PBXTargetDependency */ = {
			isa = PBXTargetDependency;
			target = 6A21F7CC2B2C68DA00A38436 /* RickandMorty */;
			targetProxy = 6A21F7EE2B2C68DB00A38436 /* PBXContainerItemProxy */;
		};
/* End PBXTargetDependency section */

/* Begin PBXVariantGroup section */
		6A21F7DB2B2C68DB00A38436 /* LaunchScreen.storyboard */ = {
			isa = PBXVariantGroup;
			children = (
				6A21F7DC2B2C68DB00A38436 /* Base */,
			);
			name = LaunchScreen.storyboard;
			sourceTree = "<group>";
		};
/* End PBXVariantGroup section */

/* Begin XCBuildConfiguration section */
		6A21F7F52B2C68DB00A38436 /* Debug */ = {
			isa = XCBuildConfiguration;
			buildSettings = {
				ALWAYS_SEARCH_USER_PATHS = NO;
				ASSETCATALOG_COMPILER_GENERATE_SWIFT_ASSET_SYMBOL_EXTENSIONS = YES;
				CLANG_ANALYZER_NONNULL = YES;
				CLANG_ANALYZER_NUMBER_OBJECT_CONVERSION = YES_AGGRESSIVE;
				CLANG_CXX_LANGUAGE_STANDARD = "gnu++20";
				CLANG_ENABLE_MODULES = YES;
				CLANG_ENABLE_OBJC_ARC = YES;
				CLANG_ENABLE_OBJC_WEAK = YES;
				CLANG_WARN_BLOCK_CAPTURE_AUTORELEASING = YES;
				CLANG_WARN_BOOL_CONVERSION = YES;
				CLANG_WARN_COMMA = YES;
				CLANG_WARN_CONSTANT_CONVERSION = YES;
				CLANG_WARN_DEPRECATED_OBJC_IMPLEMENTATIONS = YES;
				CLANG_WARN_DIRECT_OBJC_ISA_USAGE = YES_ERROR;
				CLANG_WARN_DOCUMENTATION_COMMENTS = YES;
				CLANG_WARN_EMPTY_BODY = YES;
				CLANG_WARN_ENUM_CONVERSION = YES;
				CLANG_WARN_INFINITE_RECURSION = YES;
				CLANG_WARN_INT_CONVERSION = YES;
				CLANG_WARN_NON_LITERAL_NULL_CONVERSION = YES;
				CLANG_WARN_OBJC_IMPLICIT_RETAIN_SELF = YES;
				CLANG_WARN_OBJC_LITERAL_CONVERSION = YES;
				CLANG_WARN_OBJC_ROOT_CLASS = YES_ERROR;
				CLANG_WARN_QUOTED_INCLUDE_IN_FRAMEWORK_HEADER = YES;
				CLANG_WARN_RANGE_LOOP_ANALYSIS = YES;
				CLANG_WARN_STRICT_PROTOTYPES = YES;
				CLANG_WARN_SUSPICIOUS_MOVE = YES;
				CLANG_WARN_UNGUARDED_AVAILABILITY = YES_AGGRESSIVE;
				CLANG_WARN_UNREACHABLE_CODE = YES;
				CLANG_WARN__DUPLICATE_METHOD_MATCH = YES;
				COPY_PHASE_STRIP = NO;
				DEBUG_INFORMATION_FORMAT = dwarf;
				ENABLE_STRICT_OBJC_MSGSEND = YES;
				ENABLE_TESTABILITY = YES;
				ENABLE_USER_SCRIPT_SANDBOXING = YES;
				GCC_C_LANGUAGE_STANDARD = gnu17;
				GCC_DYNAMIC_NO_PIC = NO;
				GCC_NO_COMMON_BLOCKS = YES;
				GCC_OPTIMIZATION_LEVEL = 0;
				GCC_PREPROCESSOR_DEFINITIONS = (
					"DEBUG=1",
					"$(inherited)",
				);
				GCC_WARN_64_TO_32_BIT_CONVERSION = YES;
				GCC_WARN_ABOUT_RETURN_TYPE = YES_ERROR;
				GCC_WARN_UNDECLARED_SELECTOR = YES;
				GCC_WARN_UNINITIALIZED_AUTOS = YES_AGGRESSIVE;
				GCC_WARN_UNUSED_FUNCTION = YES;
				GCC_WARN_UNUSED_VARIABLE = YES;
				IPHONEOS_DEPLOYMENT_TARGET = 17.2;
				LOCALIZATION_PREFERS_STRING_CATALOGS = YES;
				MTL_ENABLE_DEBUG_INFO = INCLUDE_SOURCE;
				MTL_FAST_MATH = YES;
				ONLY_ACTIVE_ARCH = YES;
				SDKROOT = iphoneos;
				SWIFT_ACTIVE_COMPILATION_CONDITIONS = "DEBUG $(inherited)";
				SWIFT_OPTIMIZATION_LEVEL = "-Onone";
			};
			name = Debug;
		};
		6A21F7F62B2C68DB00A38436 /* Release */ = {
			isa = XCBuildConfiguration;
			buildSettings = {
				ALWAYS_SEARCH_USER_PATHS = NO;
				ASSETCATALOG_COMPILER_GENERATE_SWIFT_ASSET_SYMBOL_EXTENSIONS = YES;
				CLANG_ANALYZER_NONNULL = YES;
				CLANG_ANALYZER_NUMBER_OBJECT_CONVERSION = YES_AGGRESSIVE;
				CLANG_CXX_LANGUAGE_STANDARD = "gnu++20";
				CLANG_ENABLE_MODULES = YES;
				CLANG_ENABLE_OBJC_ARC = YES;
				CLANG_ENABLE_OBJC_WEAK = YES;
				CLANG_WARN_BLOCK_CAPTURE_AUTORELEASING = YES;
				CLANG_WARN_BOOL_CONVERSION = YES;
				CLANG_WARN_COMMA = YES;
				CLANG_WARN_CONSTANT_CONVERSION = YES;
				CLANG_WARN_DEPRECATED_OBJC_IMPLEMENTATIONS = YES;
				CLANG_WARN_DIRECT_OBJC_ISA_USAGE = YES_ERROR;
				CLANG_WARN_DOCUMENTATION_COMMENTS = YES;
				CLANG_WARN_EMPTY_BODY = YES;
				CLANG_WARN_ENUM_CONVERSION = YES;
				CLANG_WARN_INFINITE_RECURSION = YES;
				CLANG_WARN_INT_CONVERSION = YES;
				CLANG_WARN_NON_LITERAL_NULL_CONVERSION = YES;
				CLANG_WARN_OBJC_IMPLICIT_RETAIN_SELF = YES;
				CLANG_WARN_OBJC_LITERAL_CONVERSION = YES;
				CLANG_WARN_OBJC_ROOT_CLASS = YES_ERROR;
				CLANG_WARN_QUOTED_INCLUDE_IN_FRAMEWORK_HEADER = YES;
				CLANG_WARN_RANGE_LOOP_ANALYSIS = YES;
				CLANG_WARN_STRICT_PROTOTYPES = YES;
				CLANG_WARN_SUSPICIOUS_MOVE = YES;
				CLANG_WARN_UNGUARDED_AVAILABILITY = YES_AGGRESSIVE;
				CLANG_WARN_UNREACHABLE_CODE = YES;
				CLANG_WARN__DUPLICATE_METHOD_MATCH = YES;
				COPY_PHASE_STRIP = NO;
				DEBUG_INFORMATION_FORMAT = "dwarf-with-dsym";
				ENABLE_NS_ASSERTIONS = NO;
				ENABLE_STRICT_OBJC_MSGSEND = YES;
				ENABLE_USER_SCRIPT_SANDBOXING = YES;
				GCC_C_LANGUAGE_STANDARD = gnu17;
				GCC_NO_COMMON_BLOCKS = YES;
				GCC_WARN_64_TO_32_BIT_CONVERSION = YES;
				GCC_WARN_ABOUT_RETURN_TYPE = YES_ERROR;
				GCC_WARN_UNDECLARED_SELECTOR = YES;
				GCC_WARN_UNINITIALIZED_AUTOS = YES_AGGRESSIVE;
				GCC_WARN_UNUSED_FUNCTION = YES;
				GCC_WARN_UNUSED_VARIABLE = YES;
				IPHONEOS_DEPLOYMENT_TARGET = 17.2;
				LOCALIZATION_PREFERS_STRING_CATALOGS = YES;
				MTL_ENABLE_DEBUG_INFO = NO;
				MTL_FAST_MATH = YES;
				SDKROOT = iphoneos;
				SWIFT_COMPILATION_MODE = wholemodule;
				VALIDATE_PRODUCT = YES;
			};
			name = Release;
		};
		6A21F7F82B2C68DB00A38436 /* Debug */ = {
			isa = XCBuildConfiguration;
			buildSettings = {
				ASSETCATALOG_COMPILER_APPICON_NAME = AppIcon;
				ASSETCATALOG_COMPILER_GLOBAL_ACCENT_COLOR_NAME = AccentColor;
				CODE_SIGN_STYLE = Automatic;
				CURRENT_PROJECT_VERSION = 1;
				DEVELOPMENT_TEAM = 244RFX44WS;
				GENERATE_INFOPLIST_FILE = YES;
				INFOPLIST_FILE = RickandMorty/Info.plist;
				INFOPLIST_KEY_UIApplicationSupportsIndirectInputEvents = YES;
				INFOPLIST_KEY_UILaunchStoryboardName = LaunchScreen;
				INFOPLIST_KEY_UISupportedInterfaceOrientations_iPad = "UIInterfaceOrientationPortrait UIInterfaceOrientationPortraitUpsideDown UIInterfaceOrientationLandscapeLeft UIInterfaceOrientationLandscapeRight";
				INFOPLIST_KEY_UISupportedInterfaceOrientations_iPhone = "UIInterfaceOrientationPortrait UIInterfaceOrientationLandscapeLeft UIInterfaceOrientationLandscapeRight";
				LD_RUNPATH_SEARCH_PATHS = (
					"$(inherited)",
					"@executable_path/Frameworks",
				);
				MARKETING_VERSION = 1.0;
				PRODUCT_BUNDLE_IDENTIFIER = Saadet.RickandMorty;
				PRODUCT_NAME = "$(TARGET_NAME)";
				SWIFT_EMIT_LOC_STRINGS = YES;
				SWIFT_VERSION = 5.0;
				TARGETED_DEVICE_FAMILY = "1,2";
			};
			name = Debug;
		};
		6A21F7F92B2C68DB00A38436 /* Release */ = {
			isa = XCBuildConfiguration;
			buildSettings = {
				ASSETCATALOG_COMPILER_APPICON_NAME = AppIcon;
				ASSETCATALOG_COMPILER_GLOBAL_ACCENT_COLOR_NAME = AccentColor;
				CODE_SIGN_STYLE = Automatic;
				CURRENT_PROJECT_VERSION = 1;
				DEVELOPMENT_TEAM = 244RFX44WS;
				GENERATE_INFOPLIST_FILE = YES;
				INFOPLIST_FILE = RickandMorty/Info.plist;
				INFOPLIST_KEY_UIApplicationSupportsIndirectInputEvents = YES;
				INFOPLIST_KEY_UILaunchStoryboardName = LaunchScreen;
				INFOPLIST_KEY_UISupportedInterfaceOrientations_iPad = "UIInterfaceOrientationPortrait UIInterfaceOrientationPortraitUpsideDown UIInterfaceOrientationLandscapeLeft UIInterfaceOrientationLandscapeRight";
				INFOPLIST_KEY_UISupportedInterfaceOrientations_iPhone = "UIInterfaceOrientationPortrait UIInterfaceOrientationLandscapeLeft UIInterfaceOrientationLandscapeRight";
				LD_RUNPATH_SEARCH_PATHS = (
					"$(inherited)",
					"@executable_path/Frameworks",
				);
				MARKETING_VERSION = 1.0;
				PRODUCT_BUNDLE_IDENTIFIER = Saadet.RickandMorty;
				PRODUCT_NAME = "$(TARGET_NAME)";
				SWIFT_EMIT_LOC_STRINGS = YES;
				SWIFT_VERSION = 5.0;
				TARGETED_DEVICE_FAMILY = "1,2";
			};
			name = Release;
		};
		6A21F7FB2B2C68DB00A38436 /* Debug */ = {
			isa = XCBuildConfiguration;
			buildSettings = {
				ALWAYS_EMBED_SWIFT_STANDARD_LIBRARIES = YES;
				BUNDLE_LOADER = "$(TEST_HOST)";
				CODE_SIGN_STYLE = Automatic;
				CURRENT_PROJECT_VERSION = 1;
				DEVELOPMENT_TEAM = 244RFX44WS;
				GENERATE_INFOPLIST_FILE = YES;
				IPHONEOS_DEPLOYMENT_TARGET = 17.2;
				MARKETING_VERSION = 1.0;
				PRODUCT_BUNDLE_IDENTIFIER = Saadet.RickandMortyTests;
				PRODUCT_NAME = "$(TARGET_NAME)";
				SWIFT_EMIT_LOC_STRINGS = NO;
				SWIFT_VERSION = 5.0;
				TARGETED_DEVICE_FAMILY = "1,2";
				TEST_HOST = "$(BUILT_PRODUCTS_DIR)/RickandMorty.app/$(BUNDLE_EXECUTABLE_FOLDER_PATH)/RickandMorty";
			};
			name = Debug;
		};
		6A21F7FC2B2C68DB00A38436 /* Release */ = {
			isa = XCBuildConfiguration;
			buildSettings = {
				ALWAYS_EMBED_SWIFT_STANDARD_LIBRARIES = YES;
				BUNDLE_LOADER = "$(TEST_HOST)";
				CODE_SIGN_STYLE = Automatic;
				CURRENT_PROJECT_VERSION = 1;
				DEVELOPMENT_TEAM = 244RFX44WS;
				GENERATE_INFOPLIST_FILE = YES;
				IPHONEOS_DEPLOYMENT_TARGET = 17.2;
				MARKETING_VERSION = 1.0;
				PRODUCT_BUNDLE_IDENTIFIER = Saadet.RickandMortyTests;
				PRODUCT_NAME = "$(TARGET_NAME)";
				SWIFT_EMIT_LOC_STRINGS = NO;
				SWIFT_VERSION = 5.0;
				TARGETED_DEVICE_FAMILY = "1,2";
				TEST_HOST = "$(BUILT_PRODUCTS_DIR)/RickandMorty.app/$(BUNDLE_EXECUTABLE_FOLDER_PATH)/RickandMorty";
			};
			name = Release;
		};
		6A21F7FE2B2C68DB00A38436 /* Debug */ = {
			isa = XCBuildConfiguration;
			buildSettings = {
				ALWAYS_EMBED_SWIFT_STANDARD_LIBRARIES = YES;
				CODE_SIGN_STYLE = Automatic;
				CURRENT_PROJECT_VERSION = 1;
				DEVELOPMENT_TEAM = 244RFX44WS;
				GENERATE_INFOPLIST_FILE = YES;
				MARKETING_VERSION = 1.0;
				PRODUCT_BUNDLE_IDENTIFIER = Saadet.RickandMortyUITests;
				PRODUCT_NAME = "$(TARGET_NAME)";
				SWIFT_EMIT_LOC_STRINGS = NO;
				SWIFT_VERSION = 5.0;
				TARGETED_DEVICE_FAMILY = "1,2";
				TEST_TARGET_NAME = RickandMorty;
			};
			name = Debug;
		};
		6A21F7FF2B2C68DB00A38436 /* Release */ = {
			isa = XCBuildConfiguration;
			buildSettings = {
				ALWAYS_EMBED_SWIFT_STANDARD_LIBRARIES = YES;
				CODE_SIGN_STYLE = Automatic;
				CURRENT_PROJECT_VERSION = 1;
				DEVELOPMENT_TEAM = 244RFX44WS;
				GENERATE_INFOPLIST_FILE = YES;
				MARKETING_VERSION = 1.0;
				PRODUCT_BUNDLE_IDENTIFIER = Saadet.RickandMortyUITests;
				PRODUCT_NAME = "$(TARGET_NAME)";
				SWIFT_EMIT_LOC_STRINGS = NO;
				SWIFT_VERSION = 5.0;
				TARGETED_DEVICE_FAMILY = "1,2";
				TEST_TARGET_NAME = RickandMorty;
			};
			name = Release;
		};
/* End XCBuildConfiguration section */

/* Begin XCConfigurationList section */
		6A21F7C82B2C68DA00A38436 /* Build configuration list for PBXProject "RickandMorty" */ = {
			isa = XCConfigurationList;
			buildConfigurations = (
				6A21F7F52B2C68DB00A38436 /* Debug */,
				6A21F7F62B2C68DB00A38436 /* Release */,
			);
			defaultConfigurationIsVisible = 0;
			defaultConfigurationName = Release;
		};
		6A21F7F72B2C68DB00A38436 /* Build configuration list for PBXNativeTarget "RickandMorty" */ = {
			isa = XCConfigurationList;
			buildConfigurations = (
				6A21F7F82B2C68DB00A38436 /* Debug */,
				6A21F7F92B2C68DB00A38436 /* Release */,
			);
			defaultConfigurationIsVisible = 0;
			defaultConfigurationName = Release;
		};
		6A21F7FA2B2C68DB00A38436 /* Build configuration list for PBXNativeTarget "RickandMortyTests" */ = {
			isa = XCConfigurationList;
			buildConfigurations = (
				6A21F7FB2B2C68DB00A38436 /* Debug */,
				6A21F7FC2B2C68DB00A38436 /* Release */,
			);
			defaultConfigurationIsVisible = 0;
			defaultConfigurationName = Release;
		};
		6A21F7FD2B2C68DB00A38436 /* Build configuration list for PBXNativeTarget "RickandMortyUITests" */ = {
			isa = XCConfigurationList;
			buildConfigurations = (
				6A21F7FE2B2C68DB00A38436 /* Debug */,
				6A21F7FF2B2C68DB00A38436 /* Release */,
			);
			defaultConfigurationIsVisible = 0;
			defaultConfigurationName = Release;
		};
/* End XCConfigurationList section */
	};
	rootObject = 6A21F7C52B2C68DA00A38436 /* Project object */;
}
